
Microsoft Visual Studio Solution File, Format Version 12.00
# Visual Studio 15
VisualStudioVersion = 15.0.28010.2041
MinimumVisualStudioVersion = 10.0.40219.1
Project("{FAE04EC0-301F-11D3-BF4B-00C04F79EFBC}") = "WebAppOwin", "WebAppOwin\WebAppOwin.csproj", "{13DAD382-9843-40B6-893F-59DA4613DCDD}"
EndProject
Project("{FAE04EC0-301F-11D3-BF4B-00C04F79EFBC}") = "Pluralsight.Owin.Demo", "Pluralsight.Owin.Demo\Pluralsight.Owin.Demo.csproj", "{993CA04E-2C5C-4942-8E16-76D06E6B4AA3}"
EndProject
Project("{151D2E53-A2C4-4D7D-83FE-D05416EBD58E}") = "DevelopmentAzureResourceGroup", "DevelopmentAzureResourceGroup\DevelopmentAzureResourceGroup.deployproj", "{CCDD5B43-9CF7-48D0-B5A2-0D142B249668}"
EndProject
Project("{FAE04EC0-301F-11D3-BF4B-00C04F79EFBC}") = "LatestFramework", "LatestFramework\LatestFramework.csproj", "{435A9F7E-9193-44B3-AB1D-9A34A463C7DA}"
EndProject
Global
	GlobalSection(SolutionConfigurationPlatforms) = preSolution
		Debug|Any CPU = Debug|Any CPU
		Debug|x64 = Debug|x64
		local|Any CPU = local|Any CPU
		local|x64 = local|x64
		nataa-ci|Any CPU = nataa-ci|Any CPU
		nataa-ci|x64 = nataa-ci|x64
		nataa-rel|Any CPU = nataa-rel|Any CPU
		nataa-rel|x64 = nataa-rel|x64
		Release|Any CPU = Release|Any CPU
		Release|x64 = Release|x64
	EndGlobalSection
	GlobalSection(ProjectConfigurationPlatforms) = postSolution
		{13DAD382-9843-40B6-893F-59DA4613DCDD}.Debug|Any CPU.ActiveCfg = Debug|Any CPU
		{13DAD382-9843-40B6-893F-59DA4613DCDD}.Debug|Any CPU.Build.0 = Debug|Any CPU
		{13DAD382-9843-40B6-893F-59DA4613DCDD}.Debug|x64.ActiveCfg = Debug|Any CPU
		{13DAD382-9843-40B6-893F-59DA4613DCDD}.Debug|x64.Build.0 = Debug|Any CPU
		{13DAD382-9843-40B6-893F-59DA4613DCDD}.local|Any CPU.ActiveCfg = Release|Any CPU
		{13DAD382-9843-40B6-893F-59DA4613DCDD}.local|Any CPU.Build.0 = Release|Any CPU
		{13DAD382-9843-40B6-893F-59DA4613DCDD}.local|x64.ActiveCfg = Release|Any CPU
		{13DAD382-9843-40B6-893F-59DA4613DCDD}.local|x64.Build.0 = Release|Any CPU
		{13DAD382-9843-40B6-893F-59DA4613DCDD}.nataa-ci|Any CPU.ActiveCfg = Release|Any CPU
		{13DAD382-9843-40B6-893F-59DA4613DCDD}.nataa-ci|Any CPU.Build.0 = Release|Any CPU
		{13DAD382-9843-40B6-893F-59DA4613DCDD}.nataa-ci|x64.ActiveCfg = Release|Any CPU
		{13DAD382-9843-40B6-893F-59DA4613DCDD}.nataa-ci|x64.Build.0 = Release|Any CPU
		{13DAD382-9843-40B6-893F-59DA4613DCDD}.nataa-rel|Any CPU.ActiveCfg = Release|Any CPU
		{13DAD382-9843-40B6-893F-59DA4613DCDD}.nataa-rel|Any CPU.Build.0 = Release|Any CPU
		{13DAD382-9843-40B6-893F-59DA4613DCDD}.nataa-rel|x64.ActiveCfg = Release|Any CPU
		{13DAD382-9843-40B6-893F-59DA4613DCDD}.nataa-rel|x64.Build.0 = Release|Any CPU
		{13DAD382-9843-40B6-893F-59DA4613DCDD}.Release|Any CPU.ActiveCfg = Release|Any CPU
		{13DAD382-9843-40B6-893F-59DA4613DCDD}.Release|Any CPU.Build.0 = Release|Any CPU
		{13DAD382-9843-40B6-893F-59DA4613DCDD}.Release|x64.ActiveCfg = Release|Any CPU
		{13DAD382-9843-40B6-893F-59DA4613DCDD}.Release|x64.Build.0 = Release|Any CPU
		{993CA04E-2C5C-4942-8E16-76D06E6B4AA3}.Debug|Any CPU.ActiveCfg = Debug|Any CPU
		{993CA04E-2C5C-4942-8E16-76D06E6B4AA3}.Debug|Any CPU.Build.0 = Debug|Any CPU
		{993CA04E-2C5C-4942-8E16-76D06E6B4AA3}.Debug|x64.ActiveCfg = Debug|Any CPU
		{993CA04E-2C5C-4942-8E16-76D06E6B4AA3}.Debug|x64.Build.0 = Debug|Any CPU
		{993CA04E-2C5C-4942-8E16-76D06E6B4AA3}.local|Any CPU.ActiveCfg = Release|Any CPU
		{993CA04E-2C5C-4942-8E16-76D06E6B4AA3}.local|Any CPU.Build.0 = Release|Any CPU
		{993CA04E-2C5C-4942-8E16-76D06E6B4AA3}.local|x64.ActiveCfg = Release|Any CPU
		{993CA04E-2C5C-4942-8E16-76D06E6B4AA3}.local|x64.Build.0 = Release|Any CPU
		{993CA04E-2C5C-4942-8E16-76D06E6B4AA3}.nataa-ci|Any CPU.ActiveCfg = Release|Any CPU
		{993CA04E-2C5C-4942-8E16-76D06E6B4AA3}.nataa-ci|Any CPU.Build.0 = Release|Any CPU
		{993CA04E-2C5C-4942-8E16-76D06E6B4AA3}.nataa-ci|x64.ActiveCfg = Release|Any CPU
		{993CA04E-2C5C-4942-8E16-76D06E6B4AA3}.nataa-ci|x64.Build.0 = Release|Any CPU
		{993CA04E-2C5C-4942-8E16-76D06E6B4AA3}.nataa-rel|Any CPU.ActiveCfg = Release|Any CPU
		{993CA04E-2C5C-4942-8E16-76D06E6B4AA3}.nataa-rel|Any CPU.Build.0 = Release|Any CPU
		{993CA04E-2C5C-4942-8E16-76D06E6B4AA3}.nataa-rel|x64.ActiveCfg = Release|Any CPU
		{993CA04E-2C5C-4942-8E16-76D06E6B4AA3}.nataa-rel|x64.Build.0 = Release|Any CPU
		{993CA04E-2C5C-4942-8E16-76D06E6B4AA3}.Release|Any CPU.ActiveCfg = Release|Any CPU
		{993CA04E-2C5C-4942-8E16-76D06E6B4AA3}.Release|Any CPU.Build.0 = Release|Any CPU
		{993CA04E-2C5C-4942-8E16-76D06E6B4AA3}.Release|x64.ActiveCfg = Release|Any CPU
		{993CA04E-2C5C-4942-8E16-76D06E6B4AA3}.Release|x64.Build.0 = Release|Any CPU
		{CCDD5B43-9CF7-48D0-B5A2-0D142B249668}.Debug|Any CPU.ActiveCfg = Debug|Any CPU
		{CCDD5B43-9CF7-48D0-B5A2-0D142B249668}.Debug|Any CPU.Build.0 = Debug|Any CPU
		{CCDD5B43-9CF7-48D0-B5A2-0D142B249668}.Debug|x64.ActiveCfg = Debug|Any CPU
		{CCDD5B43-9CF7-48D0-B5A2-0D142B249668}.Debug|x64.Build.0 = Debug|Any CPU
		{CCDD5B43-9CF7-48D0-B5A2-0D142B249668}.local|Any CPU.ActiveCfg = Release|Any CPU
		{CCDD5B43-9CF7-48D0-B5A2-0D142B249668}.local|Any CPU.Build.0 = Release|Any CPU
		{CCDD5B43-9CF7-48D0-B5A2-0D142B249668}.local|x64.ActiveCfg = Release|Any CPU
		{CCDD5B43-9CF7-48D0-B5A2-0D142B249668}.local|x64.Build.0 = Release|Any CPU
		{CCDD5B43-9CF7-48D0-B5A2-0D142B249668}.nataa-ci|Any CPU.ActiveCfg = Release|Any CPU
		{CCDD5B43-9CF7-48D0-B5A2-0D142B249668}.nataa-ci|Any CPU.Build.0 = Release|Any CPU
		{CCDD5B43-9CF7-48D0-B5A2-0D142B249668}.nataa-ci|x64.ActiveCfg = Release|Any CPU
		{CCDD5B43-9CF7-48D0-B5A2-0D142B249668}.nataa-ci|x64.Build.0 = Release|Any CPU
		{CCDD5B43-9CF7-48D0-B5A2-0D142B249668}.nataa-rel|Any CPU.ActiveCfg = Release|Any CPU
		{CCDD5B43-9CF7-48D0-B5A2-0D142B249668}.nataa-rel|Any CPU.Build.0 = Release|Any CPU
		{CCDD5B43-9CF7-48D0-B5A2-0D142B249668}.nataa-rel|x64.ActiveCfg = Release|Any CPU
		{CCDD5B43-9CF7-48D0-B5A2-0D142B249668}.nataa-rel|x64.Build.0 = Release|Any CPU
		{CCDD5B43-9CF7-48D0-B5A2-0D142B249668}.Release|Any CPU.ActiveCfg = Release|Any CPU
		{CCDD5B43-9CF7-48D0-B5A2-0D142B249668}.Release|Any CPU.Build.0 = Release|Any CPU
		{CCDD5B43-9CF7-48D0-B5A2-0D142B249668}.Release|x64.ActiveCfg = Release|Any CPU
		{CCDD5B43-9CF7-48D0-B5A2-0D142B249668}.Release|x64.Build.0 = Release|Any CPU
		{435A9F7E-9193-44B3-AB1D-9A34A463C7DA}.Debug|Any CPU.ActiveCfg = Debug|Any CPU
		{435A9F7E-9193-44B3-AB1D-9A34A463C7DA}.Debug|Any CPU.Build.0 = Debug|Any CPU
		{435A9F7E-9193-44B3-AB1D-9A34A463C7DA}.Debug|x64.ActiveCfg = Debug|Any CPU
		{435A9F7E-9193-44B3-AB1D-9A34A463C7DA}.Debug|x64.Build.0 = Debug|Any CPU
		{435A9F7E-9193-44B3-AB1D-9A34A463C7DA}.local|Any CPU.ActiveCfg = Release|Any CPU
		{435A9F7E-9193-44B3-AB1D-9A34A463C7DA}.local|Any CPU.Build.0 = Release|Any CPU
		{435A9F7E-9193-44B3-AB1D-9A34A463C7DA}.local|x64.ActiveCfg = Release|Any CPU
		{435A9F7E-9193-44B3-AB1D-9A34A463C7DA}.local|x64.Build.0 = Release|Any CPU
		{435A9F7E-9193-44B3-AB1D-9A34A463C7DA}.nataa-ci|Any CPU.ActiveCfg = Release|Any CPU
		{435A9F7E-9193-44B3-AB1D-9A34A463C7DA}.nataa-ci|Any CPU.Build.0 = Release|Any CPU
		{435A9F7E-9193-44B3-AB1D-9A34A463C7DA}.nataa-ci|x64.ActiveCfg = Release|Any CPU
		{435A9F7E-9193-44B3-AB1D-9A34A463C7DA}.nataa-ci|x64.Build.0 = Release|Any CPU
		{435A9F7E-9193-44B3-AB1D-9A34A463C7DA}.nataa-rel|Any CPU.ActiveCfg = Release|Any CPU
		{435A9F7E-9193-44B3-AB1D-9A34A463C7DA}.nataa-rel|Any CPU.Build.0 = Release|Any CPU
		{435A9F7E-9193-44B3-AB1D-9A34A463C7DA}.nataa-rel|x64.ActiveCfg = Release|Any CPU
		{435A9F7E-9193-44B3-AB1D-9A34A463C7DA}.nataa-rel|x64.Build.0 = Release|Any CPU
		{435A9F7E-9193-44B3-AB1D-9A34A463C7DA}.Release|Any CPU.ActiveCfg = Release|Any CPU
		{435A9F7E-9193-44B3-AB1D-9A34A463C7DA}.Release|Any CPU.Build.0 = Release|Any CPU
		{435A9F7E-9193-44B3-AB1D-9A34A463C7DA}.Release|x64.ActiveCfg = Release|Any CPU
		{435A9F7E-9193-44B3-AB1D-9A34A463C7DA}.Release|x64.Build.0 = Release|Any CPU
	EndGlobalSection
	GlobalSection(SolutionProperties) = preSolution
		HideSolutionNode = FALSE
	EndGlobalSection
	GlobalSection(ExtensibilityGlobals) = postSolution
		SolutionGuid = {0FE3F33F-6203-4623-938C-88B38E5DCFD7}
	EndGlobalSection
EndGlobal
